
Microsoft Visual Studio Solution File, Format Version 12.00
# Visual Studio Version 17
VisualStudioVersion = 17.13.35931.197
MinimumVisualStudioVersion = 10.0.40219.1
Project("{FAE04EC0-301F-11D3-BF4B-00C04F79EFBC}") = "VDA5050Message", "VDA5050Message\VDA5050Message.csproj", "{12AAB596-EA72-44C7-901C-BF7FE2DB4D69}"
EndProject
Project("{FAE04EC0-301F-11D3-BF4B-00C04F79EFBC}") = "RobotControlServer", "RobotControlServer\RobotControlServer.csproj", "{74FFBC36-9F9A-45DA-B236-194111569CDB}"
EndProject
Project("{FAE04EC0-301F-11D3-BF4B-00C04F79EFBC}") = "CommonLib", "..\sharelibrary\CommonLib\CommonLib.csproj", "{04F55497-886E-4F80-8E02-71DB1B8AE5E3}"
EndProject
Project("{FAE04EC0-301F-11D3-BF4B-00C04F79EFBC}") = "ConfigData", "ConfigData\ConfigData.csproj", "{CC3B6768-A768-437F-BB5C-0DA8FECA62A4}"
EndProject
Project("{2150E333-8FDC-42A3-9474-1A3956D46DE8}") = "Entities", "Entities", "{02EA681E-C7D8-13C7-8484-4AC65E1B71E8}"
EndProject
Project("{2150E333-8FDC-42A3-9474-1A3956D46DE8}") = "Business", "Business", "{CBF28229-BCB6-4000-BA16-5C0D19C59DF1}"
EndProject
Project("{2150E333-8FDC-42A3-9474-1A3956D46DE8}") = "Infrastructure", "Infrastructure", "{0745CB53-CC31-4D9D-933F-F0DB6D3C2768}"
EndProject
Project("{FAE04EC0-301F-11D3-BF4B-00C04F79EFBC}") = "RobotControl", "RobotControl\RobotControl.csproj", "{BBC4B90F-9BBD-4D0E-953A-9CC9D383CE20}"
EndProject
Project("{FAE04EC0-301F-11D3-BF4B-00C04F79EFBC}") = "BusinessLayer", "BusinessLayer\BusinessLayer.csproj", "{477D1D70-414D-4A97-974C-0EF7F635677D}"
EndProject
Project("{FAE04EC0-301F-11D3-BF4B-00C04F79EFBC}") = "CuOptClientService", "CuOptClientService\CuOptClientService.csproj", "{1E7BED4A-84E1-4660-9D38-74CE1C6FEC10}"
EndProject
Project("{FAE04EC0-301F-11D3-BF4B-00C04F79EFBC}") = "DbObject", "DbObject\DbObject.csproj", "{F223EC80-E911-443A-A361-441C9D98BA92}"
EndProject
Project("{FAE04EC0-301F-11D3-BF4B-00C04F79EFBC}") = "ApiObject", "ApiObject\ApiObject.csproj", "{7BCF36EA-9F19-4DCE-95D2-FF13EE542581}"
EndProject
Project("{FAE04EC0-301F-11D3-BF4B-00C04F79EFBC}") = "ShareMemoryData", "ShareMemoryData\ShareMemoryData.csproj", "{9A5C1ECB-42A7-494C-92C3-3E3580EAB8AF}"
EndProject
Global
	GlobalSection(SolutionConfigurationPlatforms) = preSolution
		Debug|Any CPU = Debug|Any CPU
		Debug|x64 = Debug|x64
		Debug|x86 = Debug|x86
		Release|Any CPU = Release|Any CPU
		Release|x64 = Release|x64
		Release|x86 = Release|x86
	EndGlobalSection
	GlobalSection(ProjectConfigurationPlatforms) = postSolution
		{12AAB596-EA72-44C7-901C-BF7FE2DB4D69}.Debug|Any CPU.ActiveCfg = Debug|Any CPU
		{12AAB596-EA72-44C7-901C-BF7FE2DB4D69}.Debug|Any CPU.Build.0 = Debug|Any CPU
		{12AAB596-EA72-44C7-901C-BF7FE2DB4D69}.Debug|x64.ActiveCfg = Debug|Any CPU
		{12AAB596-EA72-44C7-901C-BF7FE2DB4D69}.Debug|x64.Build.0 = Debug|Any CPU
		{12AAB596-EA72-44C7-901C-BF7FE2DB4D69}.Debug|x86.ActiveCfg = Debug|Any CPU
		{12AAB596-EA72-44C7-901C-BF7FE2DB4D69}.Debug|x86.Build.0 = Debug|Any CPU
		{12AAB596-EA72-44C7-901C-BF7FE2DB4D69}.Release|Any CPU.ActiveCfg = Release|Any CPU
		{12AAB596-EA72-44C7-901C-BF7FE2DB4D69}.Release|Any CPU.Build.0 = Release|Any CPU
		{12AAB596-EA72-44C7-901C-BF7FE2DB4D69}.Release|x64.ActiveCfg = Release|Any CPU
		{12AAB596-EA72-44C7-901C-BF7FE2DB4D69}.Release|x64.Build.0 = Release|Any CPU
		{12AAB596-EA72-44C7-901C-BF7FE2DB4D69}.Release|x86.ActiveCfg = Release|Any CPU
		{12AAB596-EA72-44C7-901C-BF7FE2DB4D69}.Release|x86.Build.0 = Release|Any CPU
		{74FFBC36-9F9A-45DA-B236-194111569CDB}.Debug|Any CPU.ActiveCfg = Debug|Any CPU
		{74FFBC36-9F9A-45DA-B236-194111569CDB}.Debug|Any CPU.Build.0 = Debug|Any CPU
		{74FFBC36-9F9A-45DA-B236-194111569CDB}.Debug|x64.ActiveCfg = Debug|Any CPU
		{74FFBC36-9F9A-45DA-B236-194111569CDB}.Debug|x64.Build.0 = Debug|Any CPU
		{74FFBC36-9F9A-45DA-B236-194111569CDB}.Debug|x86.ActiveCfg = Debug|Any CPU
		{74FFBC36-9F9A-45DA-B236-194111569CDB}.Debug|x86.Build.0 = Debug|Any CPU
		{74FFBC36-9F9A-45DA-B236-194111569CDB}.Release|Any CPU.ActiveCfg = Release|Any CPU
		{74FFBC36-9F9A-45DA-B236-194111569CDB}.Release|Any CPU.Build.0 = Release|Any CPU
		{74FFBC36-9F9A-45DA-B236-194111569CDB}.Release|x64.ActiveCfg = Release|Any CPU
		{74FFBC36-9F9A-45DA-B236-194111569CDB}.Release|x64.Build.0 = Release|Any CPU
		{74FFBC36-9F9A-45DA-B236-194111569CDB}.Release|x86.ActiveCfg = Release|Any CPU
		{74FFBC36-9F9A-45DA-B236-194111569CDB}.Release|x86.Build.0 = Release|Any CPU
		{04F55497-886E-4F80-8E02-71DB1B8AE5E3}.Debug|Any CPU.ActiveCfg = Debug|Any CPU
		{04F55497-886E-4F80-8E02-71DB1B8AE5E3}.Debug|Any CPU.Build.0 = Debug|Any CPU
		{04F55497-886E-4F80-8E02-71DB1B8AE5E3}.Debug|x64.ActiveCfg = Debug|Any CPU
		{04F55497-886E-4F80-8E02-71DB1B8AE5E3}.Debug|x64.Build.0 = Debug|Any CPU
		{04F55497-886E-4F80-8E02-71DB1B8AE5E3}.Debug|x86.ActiveCfg = Debug|Any CPU
		{04F55497-886E-4F80-8E02-71DB1B8AE5E3}.Debug|x86.Build.0 = Debug|Any CPU
		{04F55497-886E-4F80-8E02-71DB1B8AE5E3}.Release|Any CPU.ActiveCfg = Release|Any CPU
		{04F55497-886E-4F80-8E02-71DB1B8AE5E3}.Release|Any CPU.Build.0 = Release|Any CPU
		{04F55497-886E-4F80-8E02-71DB1B8AE5E3}.Release|x64.ActiveCfg = Release|Any CPU
		{04F55497-886E-4F80-8E02-71DB1B8AE5E3}.Release|x64.Build.0 = Release|Any CPU
		{04F55497-886E-4F80-8E02-71DB1B8AE5E3}.Release|x86.ActiveCfg = Release|Any CPU
		{04F55497-886E-4F80-8E02-71DB1B8AE5E3}.Release|x86.Build.0 = Release|Any CPU
		{CC3B6768-A768-437F-BB5C-0DA8FECA62A4}.Debug|Any CPU.ActiveCfg = Debug|Any CPU
		{CC3B6768-A768-437F-BB5C-0DA8FECA62A4}.Debug|Any CPU.Build.0 = Debug|Any CPU
		{CC3B6768-A768-437F-BB5C-0DA8FECA62A4}.Debug|x64.ActiveCfg = Debug|Any CPU
		{CC3B6768-A768-437F-BB5C-0DA8FECA62A4}.Debug|x64.Build.0 = Debug|Any CPU
		{CC3B6768-A768-437F-BB5C-0DA8FECA62A4}.Debug|x86.ActiveCfg = Debug|Any CPU
		{CC3B6768-A768-437F-BB5C-0DA8FECA62A4}.Debug|x86.Build.0 = Debug|Any CPU
		{CC3B6768-A768-437F-BB5C-0DA8FECA62A4}.Release|Any CPU.ActiveCfg = Release|Any CPU
		{CC3B6768-A768-437F-BB5C-0DA8FECA62A4}.Release|Any CPU.Build.0 = Release|Any CPU
		{CC3B6768-A768-437F-BB5C-0DA8FECA62A4}.Release|x64.ActiveCfg = Release|Any CPU
		{CC3B6768-A768-437F-BB5C-0DA8FECA62A4}.Release|x64.Build.0 = Release|Any CPU
		{CC3B6768-A768-437F-BB5C-0DA8FECA62A4}.Release|x86.ActiveCfg = Release|Any CPU
		{CC3B6768-A768-437F-BB5C-0DA8FECA62A4}.Release|x86.Build.0 = Release|Any CPU
		{BBC4B90F-9BBD-4D0E-953A-9CC9D383CE20}.Debug|Any CPU.ActiveCfg = Debug|Any CPU
		{BBC4B90F-9BBD-4D0E-953A-9CC9D383CE20}.Debug|Any CPU.Build.0 = Debug|Any CPU
		{BBC4B90F-9BBD-4D0E-953A-9CC9D383CE20}.Debug|x64.ActiveCfg = Debug|Any CPU
		{BBC4B90F-9BBD-4D0E-953A-9CC9D383CE20}.Debug|x64.Build.0 = Debug|Any CPU
		{BBC4B90F-9BBD-4D0E-953A-9CC9D383CE20}.Debug|x86.ActiveCfg = Debug|Any CPU
		{BBC4B90F-9BBD-4D0E-953A-9CC9D383CE20}.Debug|x86.Build.0 = Debug|Any CPU
		{BBC4B90F-9BBD-4D0E-953A-9CC9D383CE20}.Release|Any CPU.ActiveCfg = Release|Any CPU
		{BBC4B90F-9BBD-4D0E-953A-9CC9D383CE20}.Release|Any CPU.Build.0 = Release|Any CPU
		{BBC4B90F-9BBD-4D0E-953A-9CC9D383CE20}.Release|x64.ActiveCfg = Release|Any CPU
		{BBC4B90F-9BBD-4D0E-953A-9CC9D383CE20}.Release|x64.Build.0 = Release|Any CPU
		{BBC4B90F-9BBD-4D0E-953A-9CC9D383CE20}.Release|x86.ActiveCfg = Release|Any CPU
		{BBC4B90F-9BBD-4D0E-953A-9CC9D383CE20}.Release|x86.Build.0 = Release|Any CPU
		{477D1D70-414D-4A97-974C-0EF7F635677D}.Debug|Any CPU.ActiveCfg = Debug|Any CPU
		{477D1D70-414D-4A97-974C-0EF7F635677D}.Debug|Any CPU.Build.0 = Debug|Any CPU
		{477D1D70-414D-4A97-974C-0EF7F635677D}.Debug|x64.ActiveCfg = Debug|Any CPU
		{477D1D70-414D-4A97-974C-0EF7F635677D}.Debug|x64.Build.0 = Debug|Any CPU
		{477D1D70-414D-4A97-974C-0EF7F635677D}.Debug|x86.ActiveCfg = Debug|Any CPU
		{477D1D70-414D-4A97-974C-0EF7F635677D}.Debug|x86.Build.0 = Debug|Any CPU
		{477D1D70-414D-4A97-974C-0EF7F635677D}.Release|Any CPU.ActiveCfg = Release|Any CPU
		{477D1D70-414D-4A97-974C-0EF7F635677D}.Release|Any CPU.Build.0 = Release|Any CPU
		{477D1D70-414D-4A97-974C-0EF7F635677D}.Release|x64.ActiveCfg = Release|Any CPU
		{477D1D70-414D-4A97-974C-0EF7F635677D}.Release|x64.Build.0 = Release|Any CPU
		{477D1D70-414D-4A97-974C-0EF7F635677D}.Release|x86.ActiveCfg = Release|Any CPU
		{477D1D70-414D-4A97-974C-0EF7F635677D}.Release|x86.Build.0 = Release|Any CPU
		{1E7BED4A-84E1-4660-9D38-74CE1C6FEC10}.Debug|Any CPU.ActiveCfg = Debug|Any CPU
		{1E7BED4A-84E1-4660-9D38-74CE1C6FEC10}.Debug|Any CPU.Build.0 = Debug|Any CPU
		{1E7BED4A-84E1-4660-9D38-74CE1C6FEC10}.Debug|x64.ActiveCfg = Debug|Any CPU
		{1E7BED4A-84E1-4660-9D38-74CE1C6FEC10}.Debug|x64.Build.0 = Debug|Any CPU
		{1E7BED4A-84E1-4660-9D38-74CE1C6FEC10}.Debug|x86.ActiveCfg = Debug|Any CPU
		{1E7BED4A-84E1-4660-9D38-74CE1C6FEC10}.Debug|x86.Build.0 = Debug|Any CPU
		{1E7BED4A-84E1-4660-9D38-74CE1C6FEC10}.Release|Any CPU.ActiveCfg = Release|Any CPU
		{1E7BED4A-84E1-4660-9D38-74CE1C6FEC10}.Release|Any CPU.Build.0 = Release|Any CPU
		{1E7BED4A-84E1-4660-9D38-74CE1C6FEC10}.Release|x64.ActiveCfg = Release|Any CPU
		{1E7BED4A-84E1-4660-9D38-74CE1C6FEC10}.Release|x64.Build.0 = Release|Any CPU
		{1E7BED4A-84E1-4660-9D38-74CE1C6FEC10}.Release|x86.ActiveCfg = Release|Any CPU
		{1E7BED4A-84E1-4660-9D38-74CE1C6FEC10}.Release|x86.Build.0 = Release|Any CPU
		{F223EC80-E911-443A-A361-441C9D98BA92}.Debug|Any CPU.ActiveCfg = Debug|Any CPU
		{F223EC80-E911-443A-A361-441C9D98BA92}.Debug|Any CPU.Build.0 = Debug|Any CPU
		{F223EC80-E911-443A-A361-441C9D98BA92}.Debug|x64.ActiveCfg = Debug|Any CPU
		{F223EC80-E911-443A-A361-441C9D98BA92}.Debug|x64.Build.0 = Debug|Any CPU
		{F223EC80-E911-443A-A361-441C9D98BA92}.Debug|x86.ActiveCfg = Debug|Any CPU
		{F223EC80-E911-443A-A361-441C9D98BA92}.Debug|x86.Build.0 = Debug|Any CPU
		{F223EC80-E911-443A-A361-441C9D98BA92}.Release|Any CPU.ActiveCfg = Release|Any CPU
		{F223EC80-E911-443A-A361-441C9D98BA92}.Release|Any CPU.Build.0 = Release|Any CPU
		{F223EC80-E911-443A-A361-441C9D98BA92}.Release|x64.ActiveCfg = Release|Any CPU
		{F223EC80-E911-443A-A361-441C9D98BA92}.Release|x64.Build.0 = Release|Any CPU
		{F223EC80-E911-443A-A361-441C9D98BA92}.Release|x86.ActiveCfg = Release|Any CPU
		{F223EC80-E911-443A-A361-441C9D98BA92}.Release|x86.Build.0 = Release|Any CPU
		{7BCF36EA-9F19-4DCE-95D2-FF13EE542581}.Debug|Any CPU.ActiveCfg = Debug|Any CPU
		{7BCF36EA-9F19-4DCE-95D2-FF13EE542581}.Debug|Any CPU.Build.0 = Debug|Any CPU
		{7BCF36EA-9F19-4DCE-95D2-FF13EE542581}.Debug|x64.ActiveCfg = Debug|Any CPU
		{7BCF36EA-9F19-4DCE-95D2-FF13EE542581}.Debug|x64.Build.0 = Debug|Any CPU
		{7BCF36EA-9F19-4DCE-95D2-FF13EE542581}.Debug|x86.ActiveCfg = Debug|Any CPU
		{7BCF36EA-9F19-4DCE-95D2-FF13EE542581}.Debug|x86.Build.0 = Debug|Any CPU
		{7BCF36EA-9F19-4DCE-95D2-FF13EE542581}.Release|Any CPU.ActiveCfg = Release|Any CPU
		{7BCF36EA-9F19-4DCE-95D2-FF13EE542581}.Release|Any CPU.Build.0 = Release|Any CPU
		{7BCF36EA-9F19-4DCE-95D2-FF13EE542581}.Release|x64.ActiveCfg = Release|Any CPU
		{7BCF36EA-9F19-4DCE-95D2-FF13EE542581}.Release|x64.Build.0 = Release|Any CPU
		{7BCF36EA-9F19-4DCE-95D2-FF13EE542581}.Release|x86.ActiveCfg = Release|Any CPU
		{7BCF36EA-9F19-4DCE-95D2-FF13EE542581}.Release|x86.Build.0 = Release|Any CPU
		{9A5C1ECB-42A7-494C-92C3-3E3580EAB8AF}.Debug|Any CPU.ActiveCfg = Debug|Any CPU
		{9A5C1ECB-42A7-494C-92C3-3E3580EAB8AF}.Debug|Any CPU.Build.0 = Debug|Any CPU
		{9A5C1ECB-42A7-494C-92C3-3E3580EAB8AF}.Debug|x64.ActiveCfg = Debug|Any CPU
		{9A5C1ECB-42A7-494C-92C3-3E3580EAB8AF}.Debug|x64.Build.0 = Debug|Any CPU
		{9A5C1ECB-42A7-494C-92C3-3E3580EAB8AF}.Debug|x86.ActiveCfg = Debug|Any CPU
		{9A5C1ECB-42A7-494C-92C3-3E3580EAB8AF}.Debug|x86.Build.0 = Debug|Any CPU
		{9A5C1ECB-42A7-494C-92C3-3E3580EAB8AF}.Release|Any CPU.ActiveCfg = Release|Any CPU
		{9A5C1ECB-42A7-494C-92C3-3E3580EAB8AF}.Release|Any CPU.Build.0 = Release|Any CPU
		{9A5C1ECB-42A7-494C-92C3-3E3580EAB8AF}.Release|x64.ActiveCfg = Release|Any CPU
		{9A5C1ECB-42A7-494C-92C3-3E3580EAB8AF}.Release|x64.Build.0 = Release|Any CPU
		{9A5C1ECB-42A7-494C-92C3-3E3580EAB8AF}.Release|x86.ActiveCfg = Release|Any CPU
		{9A5C1ECB-42A7-494C-92C3-3E3580EAB8AF}.Release|x86.Build.0 = Release|Any CPU
	EndGlobalSection
	GlobalSection(SolutionProperties) = preSolution
		HideSolutionNode = FALSE
	EndGlobalSection
	GlobalSection(NestedProjects) = preSolution
		{12AAB596-EA72-44C7-901C-BF7FE2DB4D69} = {02EA681E-C7D8-13C7-8484-4AC65E1B71E8}
		{04F55497-886E-4F80-8E02-71DB1B8AE5E3} = {02EA681E-C7D8-13C7-8484-4AC65E1B71E8}
		{CC3B6768-A768-437F-BB5C-0DA8FECA62A4} = {02EA681E-C7D8-13C7-8484-4AC65E1B71E8}
		{BBC4B90F-9BBD-4D0E-953A-9CC9D383CE20} = {0745CB53-CC31-4D9D-933F-F0DB6D3C2768}
		{477D1D70-414D-4A97-974C-0EF7F635677D} = {CBF28229-BCB6-4000-BA16-5C0D19C59DF1}
		{1E7BED4A-84E1-4660-9D38-74CE1C6FEC10} = {0745CB53-CC31-4D9D-933F-F0DB6D3C2768}
		{F223EC80-E911-443A-A361-441C9D98BA92} = {02EA681E-C7D8-13C7-8484-4AC65E1B71E8}
		{7BCF36EA-9F19-4DCE-95D2-FF13EE542581} = {02EA681E-C7D8-13C7-8484-4AC65E1B71E8}
		{9A5C1ECB-42A7-494C-92C3-3E3580EAB8AF} = {0745CB53-CC31-4D9D-933F-F0DB6D3C2768}
	EndGlobalSection
	GlobalSection(ExtensibilityGlobals) = postSolution
		SolutionGuid = {A043DA8C-868E-4BFB-ABD9-6871F1D82EBD}
	EndGlobalSection
EndGlobal
