Microsoft Visual Studio Solution File, Format Version 12.00
# Visual Studio Version 17
VisualStudioVersion = 17.5.2.0
MinimumVisualStudioVersion = 10.0.40219.1
Project("{FAE04EC0-301F-11D3-BF4B-00C04F79EFBC}") = "VDA5050Message", "VDA5050Message\VDA5050Message.csproj", "{7E027D25-FAE5-EC7B-F7E1-8A86B79BB3DE}"
EndProject
Project("{FAE04EC0-301F-11D3-BF4B-00C04F79EFBC}") = "CommonLib", "CommonLib\CommonLib.csproj", "{4C9F0FEA-EF43-CD4C-8F16-D2B0D1DC5357}"
EndProject
Global
	GlobalSection(SolutionConfigurationPlatforms) = preSolution
		Debug|Any CPU = Debug|Any CPU
		Release|Any CPU = Release|Any CPU
	EndGlobalSection
	GlobalSection(ProjectConfigurationPlatforms) = postSolution
		{7E027D25-FAE5-EC7B-F7E1-8A86B79BB3DE}.Debug|Any CPU.ActiveCfg = Debug|Any CPU
		{7E027D25-FAE5-EC7B-F7E1-8A86B79BB3DE}.Debug|Any CPU.Build.0 = Debug|Any CPU
		{7E027D25-FAE5-EC7B-F7E1-8A86B79BB3DE}.Release|Any CPU.ActiveCfg = Release|Any CPU
		{7E027D25-FAE5-EC7B-F7E1-8A86B79BB3DE}.Release|Any CPU.Build.0 = Release|Any CPU
		{4C9F0FEA-EF43-CD4C-8F16-D2B0D1DC5357}.Debug|Any CPU.ActiveCfg = Debug|Any CPU
		{4C9F0FEA-EF43-CD4C-8F16-D2B0D1DC5357}.Debug|Any CPU.Build.0 = Debug|Any CPU
		{4C9F0FEA-EF43-CD4C-8F16-D2B0D1DC5357}.Release|Any CPU.ActiveCfg = Release|Any CPU
		{4C9F0FEA-EF43-CD4C-8F16-D2B0D1DC5357}.Release|Any CPU.Build.0 = Release|Any CPU
	EndGlobalSection
	GlobalSection(SolutionProperties) = preSolution
		HideSolutionNode = FALSE
	EndGlobalSection
	GlobalSection(ExtensibilityGlobals) = postSolution
		SolutionGuid = {F11DA475-BB8F-483B-86C1-8AB808B05143}
	EndGlobalSection
EndGlobal
